
Microsoft Visual Studio Solution File, Format Version 12.00
# Visual Studio Version 16
VisualStudioVersion = 16.0.810.10
MinimumVisualStudioVersion = 10.0.40219.1
Project("{FAE04EC0-301F-11D3-BF4B-00C04F79EFBC}") = "SimpleSeleniumFramework", "SimpleSeleniumFramework\SimpleSeleniumFramework.csproj", "{6E1EA29B-6B15-4ECA-81EA-32317DA053E5}"
EndProject
Global
	GlobalSection(SolutionConfigurationPlatforms) = preSolution
		Debug|Any CPU = Debug|Any CPU
		Release|Any CPU = Release|Any CPU
	EndGlobalSection
	GlobalSection(ProjectConfigurationPlatforms) = postSolution
		{6E1EA29B-6B15-4ECA-81EA-32317DA053E5}.Debug|Any CPU.ActiveCfg = Debug|Any CPU
		{6E1EA29B-6B15-4ECA-81EA-32317DA053E5}.Debug|Any CPU.Build.0 = Debug|Any CPU
		{6E1EA29B-6B15-4ECA-81EA-32317DA053E5}.Release|Any CPU.ActiveCfg = Release|Any CPU
		{6E1EA29B-6B15-4ECA-81EA-32317DA053E5}.Release|Any CPU.Build.0 = Release|Any CPU
	EndGlobalSection
	GlobalSection(SolutionProperties) = preSolution
		HideSolutionNode = FALSE
	EndGlobalSection
	GlobalSection(ExtensibilityGlobals) = postSolution
		SolutionGuid = {95226C69-7130-40EA-A77D-F19303B3D500}
	EndGlobalSection
EndGlobal
